# Generated by pub
# See https://dart.dev/tools/pub/glossary#lockfile
packages:
  _fe_analyzer_shared:
    dependency: transitive
    description:
      name: _fe_analyzer_shared
      sha256: "1b0e6a07425a3e460666e88bf1c949ccc7bb0116ad562ce94a1eca60fe820725"
      url: "https://pub.dev"
    source: hosted
    version: "103.0.0"
  analyzer:
    dependency: transitive
    description:
      name: analyzer
      sha256: "61c04d0c1bfed555c681ea079519933f071a5a026578ff73c4ff0df2d3462e5e"
      url: "https://pub.dev"
    source: hosted
    version: "13.3.0"
  android_file_picker:
    dependency: transitive
    description:
      name: android_file_picker
      sha256: "537bce9a43bc6fc08670cb68498251acc6eb9134b86a391b43e1f7c863588388"
      url: "https://pub.dev"
    source: hosted
    version: "2.0.1"
  archive:
    dependency: "direct main"
    description:
      name: archive
      sha256: "3aa20c6b5617b632a1b7198dcca3d88065d37232485b9a6c6c14dc8f5357d279"
      url: "https://pub.dev"
    source: hosted
    version: "4.4.0"
  args:
    dependency: transitive
    description:
      name: args
      sha256: d0481093c50b1da8910eb0bb301626d4d8eb7284aa739614d2b394ee09e3ea04
      url: "https://pub.dev"
    source: hosted
    version: "2.7.0"
  async:
    dependency: transitive
    description:
      name: async
      sha256: e2eb0491ba5ddb6177742d2da23904574082139b07c1e33b8503b9f46f3e1a37
      url: "https://pub.dev"
    source: hosted
    version: "2.13.1"
  bloc:
    dependency: transitive
    description:
      name: bloc
      sha256: e03b235924e4f509c27b5d6b2f949200e0a91149a9818b4f65eeb56662b75413
      url: "https://pub.dev"
    source: hosted
    version: "9.2.1"
  boolean_selector:
    dependency: transitive
    description:
      name: boolean_selector
      sha256: "8aab1771e1243a5063b8b0ff68042d67334e3feab9e95b9490f9a6ebf73b42ea"
      url: "https://pub.dev"
    source: hosted
    version: "2.1.2"
  characters:
    dependency: transitive
    description:
      name: characters
      sha256: faf38497bda5ead2a8c7615f4f7939df04333478bf32e4173fcb06d428b5716b
      url: "https://pub.dev"
    source: hosted
    version: "1.4.1"
  checks:
    dependency: transitive
    description:
      name: checks
      sha256: "9c360a078576950976c9045fe28392dfb5f3b0b648ae897e8c1fe307a6ffbed2"
      url: "https://pub.dev"
    source: hosted
    version: "0.3.2"
  cli_config:
    dependency: transitive
    description:
      name: cli_config
      sha256: ac20a183a07002b700f0c25e61b7ee46b23c309d76ab7b7640a028f18e4d99ec
      url: "https://pub.dev"
    source: hosted
    version: "0.2.0"
  clock:
    dependency: transitive
    description:
      name: clock
      sha256: e51d50bca3217c9a9fa2b41a30e4a38971133f5f9ec7a3d57bae095007f1d28e
      url: "https://pub.dev"
    source: hosted
    version: "1.1.3"
  code_assets:
    dependency: transitive
    description:
      name: code_assets
      sha256: "828110d598123b5ea96c00c9f3c72105bf79f8ee36c20a39b26209ade421ec57"
      url: "https://pub.dev"
    source: hosted
    version: "2.1.0"
  collection:
    dependency: transitive
    description:
      name: collection
      sha256: "2f5709ae4d3d59dd8f7cd309b4e023046b57d8a6c82130785d2b0e5868084e76"
      url: "https://pub.dev"
    source: hosted
    version: "1.19.1"
  convert:
    dependency: transitive
    description:
      name: convert
      sha256: b30acd5944035672bc15c6b7a8b47d773e41e2f17de064350988c5d02adb1c68
      url: "https://pub.dev"
    source: hosted
    version: "3.1.2"
  coverage:
    dependency: transitive
    description:
      name: coverage
      sha256: "956a3de0725ca232ad353565a8290d3357592bf4250f6f298a185e2d949c5d3d"
      url: "https://pub.dev"
    source: hosted
    version: "1.15.1"
  cross_file:
    dependency: transitive
    description:
      name: cross_file
      sha256: f141ea4f277af142a0356955707f6556f37b03947d39d55585981a06ca437bd6
      url: "https://pub.dev"
    source: hosted
    version: "0.3.5+5"
  crypto:
    dependency: transitive
    description:
      name: crypto
      sha256: c8ea0233063ba03258fbcf2ca4d6dadfefe14f02fab57702265467a19f27fadf
      url: "https://pub.dev"
    source: hosted
    version: "3.0.7"
  csslib:
    dependency: transitive
    description:
      name: csslib
      sha256: "09bad715f418841f976c77db72d5398dc1253c21fb9c0c7f0b0b985860b2d58e"
      url: "https://pub.dev"
    source: hosted
    version: "1.0.2"
  cupertino_ui:
    dependency: transitive
    description:
      name: cupertino_ui
      sha256: ea0b8170b40a86262b2fc21ac0625303f52df209dbf6fccc2b98b27eff44f6ce
      url: "https://pub.dev"
    source: hosted
    version: "1.1.2"
  dbus:
    dependency: transitive
    description:
      name: dbus
      sha256: f7db8504e715b835f5ebe5fe74604ccd961d504c73389a5d8e81bafc2e2f3612
      url: "https://pub.dev"
    source: hosted
    version: "0.8.0"
  dio:
    dependency: "direct main"
    description:
      name: dio
      sha256: "852ec3b48cc431ac04fff978413c541502b67ffc3e26921e74e3d994694192c1"
      url: "https://pub.dev"
    source: hosted
    version: "5.11.1"
  dio_web_adapter:
    dependency: transitive
    description:
      name: dio_web_adapter
      sha256: "3a1b2cd7be71086f38504956e3ebcd2837288d231ff454bafa78021244102bfc"
      url: "https://pub.dev"
    source: hosted
    version: "2.2.2"
  dynamic_color:
    dependency: "direct main"
    description:
      name: dynamic_color
      sha256: "869b3bce0100eb519768ecd71c0111f0b5ea679f5f62e1f59c49d80067e730c5"
      url: "https://pub.dev"
    source: hosted
    version: "2.1.0"
  equatable:
    dependency: "direct main"
    description:
      name: equatable
      sha256: ea36e500cbf0ec18361deabca755434f73e42fe53c5130021c7e2d6b5ebe1702
      url: "https://pub.dev"
    source: hosted
    version: "3.0.0"
  fake_async:
    dependency: transitive
    description:
      name: fake_async
      sha256: "5368f224a74523e8d2e7399ea1638b37aecfca824a3cc4dfdf77bf1fa905ac44"
      url: "https://pub.dev"
    source: hosted
    version: "1.3.3"
  ffi:
    dependency: transitive
    description:
      name: ffi
      sha256: "6d7fd89431262d8f3125e81b50d3847a091d846eafcd4fdb88dd06f36d705a45"
      url: "https://pub.dev"
    source: hosted
    version: "2.2.0"
  ffi_leak_tracker:
    dependency: transitive
    description:
      name: ffi_leak_tracker
      sha256: "4093d4ef9ca06ffe2786e73bfb25e22aa92112b9bb4ec941f11e3e6b61489a97"
      url: "https://pub.dev"
    source: hosted
    version: "0.1.2"
  file:
    dependency: transitive
    description:
      name: file
      sha256: a3b4f84adafef897088c160faf7dfffb7696046cb13ae90b508c2cbc95d3b8d4
      url: "https://pub.dev"
    source: hosted
    version: "7.0.1"
  file_picker:
    dependency: "direct main"
    description:
      name: file_picker
      sha256: "98c0b156b6380ba55bc767a14e2e6b3feb246e713ad40092424596fa79005bea"
      url: "https://pub.dev"
    source: hosted
    version: "13.1.0"
  file_picker_darwin:
    dependency: transitive
    description:
      name: file_picker_darwin
      sha256: "3df1dc8e881de9ffd3953c9e482ac5d6e1ffe1e7f7b231b5695543e251ab7918"
      url: "https://pub.dev"
    source: hosted
    version: "2.1.3"
  file_picker_linux:
    dependency: transitive
    description:
      name: file_picker_linux
      sha256: c6562fc7d426db2fb85ea66fe2627953d2709932df5584ceaacf0aa5e39cf4da
      url: "https://pub.dev"
    source: hosted
    version: "2.0.2"
  file_picker_platform_interface:
    dependency: transitive
    description:
      name: file_picker_platform_interface
      sha256: bbdc085a6f168e63f147e9ce8988f79fa0800a58e7f25a48f762c60837107ba5
      url: "https://pub.dev"
    source: hosted
    version: "4.0.0"
  file_picker_web:
    dependency: transitive
    description:
      name: file_picker_web
      sha256: "32af8262aca907b02b8970b32328b0312db0b42ba6f930be6d27fde179d59b7d"
      url: "https://pub.dev"
    source: hosted
    version: "4.1.0"
  flutter:
    dependency: "direct main"
    description: flutter
    source: sdk
    version: "0.0.0"
  flutter_bloc:
    dependency: "direct main"
    description:
      name: flutter_bloc
      sha256: cf51747952201a455a1c840f8171d273be009b932c75093020f9af64f2123e38
      url: "https://pub.dev"
    source: hosted
    version: "9.1.1"
  flutter_colorpicker:
    dependency: "direct main"
    description:
      name: flutter_colorpicker
      sha256: "969de5f6f9e2a570ac660fb7b501551451ea2a1ab9e2097e89475f60e07816ea"
      url: "https://pub.dev"
    source: hosted
    version: "1.1.0"
  flutter_furigana_text:
    dependency: "direct main"
    description:
      name: flutter_furigana_text
      sha256: dfe0dde8882005fcbb889bc562acfbe29d3ef0e4605bb4455f55ec1c3e7c172a
      url: "https://pub.dev"
    source: hosted
    version: "0.0.4"
  flutter_kanjivg:
    dependency: "direct main"
    description:
      name: flutter_kanjivg
      sha256: "9370b7c23495b6fd7747c63463226845b74948e1e7621f6996208d609426dcf6"
      url: "https://pub.dev"
    source: hosted
    version: "0.1.1"
  flutter_lints:
    dependency: "direct dev"
    description:
      name: flutter_lints
      sha256: "3105dc8492f6183fb076ccf1f351ac3d60564bff92e20bfc4af9cc1651f4e7e1"
      url: "https://pub.dev"
    source: hosted
    version: "6.0.0"
  flutter_localizations:
    dependency: transitive
    description: flutter
    source: sdk
    version: "0.0.0"
  flutter_staggered_grid_view:
    dependency: "direct main"
    description:
      name: flutter_staggered_grid_view
      sha256: "19e7abb550c96fbfeb546b23f3ff356ee7c59a019a651f8f102a4ba9b7349395"
      url: "https://pub.dev"
    source: hosted
    version: "0.7.0"
  flutter_test:
    dependency: "direct dev"
    description: flutter
    source: sdk
    version: "0.0.0"
  flutter_web_plugins:
    dependency: transitive
    description: flutter
    source: sdk
    version: "0.0.0"
  frontend_server_client:
    dependency: transitive
    description:
      name: frontend_server_client
      sha256: "404dbf9bce29beafbe9dcb19219447b6f7d49900cd42b8d3b7af102b24508e25"
      url: "https://pub.dev"
    source: hosted
    version: "4.1.0"
  glob:
    dependency: transitive
    description:
      name: glob
      sha256: "218aeb56050c714f62a3182775320dfa04602b55074873e24e31bbd39bda96fb"
      url: "https://pub.dev"
    source: hosted
    version: "2.2.0"
  hooks:
    dependency: transitive
    description:
      name: hooks
      sha256: eaac480a35ec0814146c2c48d96aaa829e0e44a7662c88ae84c9edf4bc35651f
      url: "https://pub.dev"
    source: hosted
    version: "2.2.0"
  html:
    dependency: transitive
    description:
      name: html
      sha256: "43b67b8f43321ab066817dfac5619596c98bb1b61624e77203bb4351785f9699"
      url: "https://pub.dev"
    source: hosted
    version: "0.15.7"
  http:
    dependency: transitive
    description:
      name: http
      sha256: "87721a4a50b19c7f1d49001e51409bddc46303966ce89a65af4f4e6004896412"
      url: "https://pub.dev"
    source: hosted
    version: "1.6.0"
  http_multi_server:
    dependency: transitive
    description:
      name: http_multi_server
      sha256: aa6199f908078bb1c5efb8d8638d4ae191aac11b311132c3ef48ce352fb52ef8
      url: "https://pub.dev"
    source: hosted
    version: "3.2.2"
  http_parser:
    dependency: transitive
    description:
      name: http_parser
      sha256: "178d74305e7866013777bab2c3d8726205dc5a4dd935297175b19a23a2e66571"
      url: "https://pub.dev"
    source: hosted
    version: "4.1.2"
  intl:
    dependency: transitive
    description:
      name: intl
      sha256: "1ca20c894b1717686a2319b8548763d812bc0aabdac580420a44c5178c57a867"
      url: "https://pub.dev"
    source: hosted
    version: "0.20.3"
  io:
    dependency: transitive
    description:
      name: io
      sha256: "2635216ca6a737e60de577ffa1a48a0bec76ca8a62917cfc1bb88c14c570646f"
      url: "https://pub.dev"
    source: hosted
    version: "1.1.0"
  jni:
    dependency: transitive
    description:
      name: jni
      sha256: "6b9ca0602fef0230e83149afbe3f9f8227e94f2bbe84a1da4f14d699742f402d"
      url: "https://pub.dev"
    source: hosted
    version: "1.1.0"
  jni_flutter:
    dependency: transitive
    description:
      name: jni_flutter
      sha256: "0dd33d67797560f66e961a6053882d4df54bd345bf063b8fe7ea133f7ad8b191"
      url: "https://pub.dev"
    source: hosted
    version: "1.0.4+1"
  jni_util:
    dependency: transitive
    description:
      name: jni_util
      sha256: "1ba86da04a5f2bf18fde2edb235587e70c5b0fc5bd4ba955f46b00942c3fc35f"
      url: "https://pub.dev"
    source: hosted
    version: "1.0.0"
  kana_kit:
    dependency: "direct main"
    description:
      name: kana_kit
      sha256: "4e99cfddae947971c327ef3d8d82d35cf036c046c7f460583785d48c0f777fa3"
      url: "https://pub.dev"
    source: hosted
    version: "2.1.1"
  kanjivg:
    dependency: transitive
    description:
      name: kanjivg
      sha256: "266695ab5b6054d2de01104c8809da6d18bc39ee299caad2d7fcf68a5ab27506"
      url: "https://pub.dev"
    source: hosted
    version: "0.1.1"
  leak_tracker:
    dependency: transitive
    description:
      name: leak_tracker
      sha256: "33e2e26bdd85a0112ec15400c8cbffea70d0f9c3407491f672a2fad47915e2de"
      url: "https://pub.dev"
    source: hosted
    version: "11.0.2"
  leak_tracker_flutter_testing:
    dependency: transitive
    description:
      name: leak_tracker_flutter_testing
      sha256: "1dbc140bb5a23c75ea9c4811222756104fbcd1a27173f0c34ca01e16bea473c1"
      url: "https://pub.dev"
    source: hosted
    version: "3.0.10"
  leak_tracker_testing:
    dependency: transitive
    description:
      name: leak_tracker_testing
      sha256: "8d5a2d49f4a66b49744b23b018848400d23e54caf9463f4eb20df3eb8acb2eb1"
      url: "https://pub.dev"
    source: hosted
    version: "3.0.2"
  lints:
    dependency: transitive
    description:
      name: lints
      sha256: "12f842a479589fea194fe5c5a3095abc7be0c1f2ddfa9a0e76aed1dbd26a87df"
      url: "https://pub.dev"
    source: hosted
    version: "6.1.0"
  logging:
    dependency: transitive
    description:
      name: logging
      sha256: c8245ada5f1717ed44271ed1c26b8ce85ca3228fd2ffdb75468ab01979309d61
      url: "https://pub.dev"
    source: hosted
    version: "1.3.0"
  matcher:
    dependency: transitive
    description:
      name: matcher
      sha256: "31bd099b47c10cd1aeb55146a2d46ce0277630ecef3f7dae54ad7873f36696cd"
      url: "https://pub.dev"
    source: hosted
    version: "0.12.20"
  material_color_utilities:
    dependency: transitive
    description:
      name: material_color_utilities
      sha256: "9c337007e82b1889149c82ed242ed1cb24a66044e30979c44912381e9be4c48b"
      url: "https://pub.dev"
    source: hosted
    version: "0.13.0"
  material_ui:
    dependency: transitive
    description:
      name: material_ui
      sha256: "98ab9eda579ecae623e4b376c603035c5def78ce706f735f30bd632af5814695"
      url: "https://pub.dev"
    source: hosted
    version: "1.6.0"
  meta:
    dependency: transitive
    description:
      name: meta
      sha256: "307249ce4ff29d58a18e97f6345f539382eb9c9c29ecda628900f31de0443dd9"
      url: "https://pub.dev"
    source: hosted
    version: "1.19.0"
  mime:
    dependency: transitive
    description:
      name: mime
      sha256: bd47de35f07e27267e69c8c8b22edf9473bfee170a60d60fcc93730c5144b7f6
      url: "https://pub.dev"
    source: hosted
    version: "2.1.0"
  native_toolchain_c:
    dependency: transitive
    description:
      name: native_toolchain_c
      sha256: "90eaad8059ebc2004a63810a4696ea9acdb02473e47ed3b6b3bafb100ac77e31"
      url: "https://pub.dev"
    source: hosted
    version: "0.19.5"
  nested:
    dependency: transitive
    description:
      name: nested
      sha256: "03bac4c528c64c95c722ec99280375a6f2fc708eec17c7b3f07253b626cd2a20"
      url: "https://pub.dev"
    source: hosted
    version: "1.0.0"
  node_preamble:
    dependency: transitive
    description:
      name: node_preamble
      sha256: "6e7eac89047ab8a8d26cf16127b5ed26de65209847630400f9aefd7cd5c730db"
      url: "https://pub.dev"
    source: hosted
    version: "2.0.2"
  objective_c:
    dependency: transitive
    description:
      name: objective_c
      sha256: "5c80c2ad6e2c0397de5db38c6d653e69616a3397e13aa7633bf39eb668f2041b"
      url: "https://pub.dev"
    source: hosted
    version: "9.6.2"
  package_config:
    dependency: transitive
    description:
      name: package_config
      sha256: f096c55ebb7deb7e384101542bfba8c52696c1b56fca2eb62827989ef2353bbc
      url: "https://pub.dev"
    source: hosted
    version: "2.2.0"
  package_info_plus:
    dependency: "direct main"
    description:
      name: package_info_plus
      sha256: "73ef2cd5c11a7548f9b7f6fc2a4f6113de2e64aa2a70de63feede95548822908"
      url: "https://pub.dev"
    source: hosted
    version: "10.2.2"
  package_info_plus_platform_interface:
    dependency: transitive
    description:
      name: package_info_plus_platform_interface
      sha256: db762cb2f4f25ee60fb6359773861b0f199e00b90d237bd85a76a1e806b46ef4
      url: "https://pub.dev"
    source: hosted
    version: "4.1.0"
  path:
    dependency: "direct main"
    description:
      name: path
      sha256: "75cca69d1490965be98c73ceaea117e8a04dd21217b37b292c9ddbec0d955bc5"
      url: "https://pub.dev"
    source: hosted
    version: "1.9.1"
  path_parsing:
    dependency: transitive
    description:
      name: path_parsing
      sha256: "883402936929eac138ee0a45da5b0f2c80f89913e6dc3bf77eb65b84b409c6ca"
      url: "https://pub.dev"
    source: hosted
    version: "1.1.0"
  path_provider:
    dependency: "direct main"
    description:
      name: path_provider
      sha256: a7f4874f987173da295a61c181b8ee71dab59b332a486b391babf26a1b884825
      url: "https://pub.dev"
    source: hosted
    version: "2.1.6"
  path_provider_android:
    dependency: transitive
    description:
      name: path_provider_android
      sha256: "69cbd515a62b94d32a7944f086b2f82b4ac40a1d45bebfc00813a430ab2dabcd"
      url: "https://pub.dev"
    source: hosted
    version: "2.3.1"
  path_provider_foundation:
    dependency: transitive
    description:
      name: path_provider_foundation
      sha256: "2a376b7d6392d80cd3705782d2caa734ca4727776db0b6ec36ef3f1855197699"
      url: "https://pub.dev"
    source: hosted
    version: "2.6.0"
  path_provider_linux:
    dependency: transitive
    description:
      name: path_provider_linux
      sha256: "58c2005f147315b11e9b4a7bc889cd5203e250cba8e3f012dae259b4972b5c16"
      url: "https://pub.dev"
    source: hosted
    version: "2.2.2"
  path_provider_platform_interface:
    dependency: transitive
    description:
      name: path_provider_platform_interface
      sha256: "484838772624c3a4b94f1e44a3e19897fee738f2d5c4ce448443b0417f7c9dda"
      url: "https://pub.dev"
    source: hosted
    version: "2.1.3"
  path_provider_windows:
    dependency: transitive
    description:
      name: path_provider_windows
      sha256: bd6f00dbd873bfb70d0761682da2b3a2c2fccc2b9e84c495821639601d81afe7
      url: "https://pub.dev"
    source: hosted
    version: "2.3.0"
  petitparser:
    dependency: transitive
    description:
      name: petitparser
      sha256: "2f1564aadb14215e478563b5406cb80729d022158c01dc50c96013c2f7eb4790"
      url: "https://pub.dev"
    source: hosted
    version: "7.1.0"
  platform:
    dependency: transitive
    description:
      name: platform
      sha256: a36d119c13416516a7b5913fbe8af8531e11633d784c550b2125f76c758524ec
      url: "https://pub.dev"
    source: hosted
    version: "3.2.0"
  plugin_platform_interface:
    dependency: transitive
    description:
      name: plugin_platform_interface
      sha256: "4820fbfdb9478b1ebae27888254d445073732dae3d6ea81f0b7e06d5dedc3f02"
      url: "https://pub.dev"
    source: hosted
    version: "2.1.8"
  pool:
    dependency: transitive
    description:
      name: pool
      sha256: "4177f68c237ea2128d1bee66ac17b2ce05ba3dbaafcbdd54c5d40a39d0b6b11c"
      url: "https://pub.dev"
    source: hosted
    version: "1.5.3"
  posix:
    dependency: transitive
    description:
      name: posix
      sha256: bc1bad54ad2b735816e31f8d4600cfde6c7839975085ddfbca48b6c9f7c4044e
      url: "https://pub.dev"
    source: hosted
    version: "6.5.2"
  process:
    dependency: transitive
    description:
      name: process
      sha256: "4242ba3508d37e01808bdf71ad1d5bb93a8d671bf2e7450e6b1b353fb0808891"
      url: "https://pub.dev"
    source: hosted
    version: "5.0.6"
  provider:
    dependency: transitive
    description:
      name: provider
      sha256: "4e82183fa20e5ca25703ead7e05de9e4cceed1fbd1eadc1ac3cb6f565a09f272"
      url: "https://pub.dev"
    source: hosted
    version: "6.1.5+1"
  pub_semver:
    dependency: transitive
    description:
      name: pub_semver
      sha256: "261236774e8b1d69cfc6b9eabbc96c40f25e7a2d6b171f3385d4f65d5734fb24"
      url: "https://pub.dev"
    source: hosted
    version: "2.2.1"
  record_use:
    dependency: transitive
    description:
      name: record_use
      sha256: "1cb8564af8d43b464294411db9217f5ec04891c6f22ee2c32d73ae05e88a6bd2"
      url: "https://pub.dev"
    source: hosted
    version: "1.1.1"
  shared_preferences:
    dependency: "direct main"
    description:
      name: shared_preferences
      sha256: "1e85e0dccf5b4a016077fea7dfbb4a7cb39c759ac1596fcf60c06deadb7da91f"
      url: "https://pub.dev"
    source: hosted
    version: "2.5.6"
  shared_preferences_android:
    dependency: transitive
    description:
      name: shared_preferences_android
      sha256: "1e12aafe408aa50da80edfd679a2a6bf63ba7ab37c7fa98286da459a757b3399"
      url: "https://pub.dev"
    source: hosted
    version: "2.4.28"
  shared_preferences_foundation:
    dependency: transitive
    description:
      name: shared_preferences_foundation
      sha256: "2ec3934efa51e46117f23031cc141b8fc878e8525b94ec1ea4f7f586cf1b47ea"
      url: "https://pub.dev"
    source: hosted
    version: "2.5.7"
  shared_preferences_linux:
    dependency: transitive
    description:
      name: shared_preferences_linux
      sha256: "580abfd40f415611503cae30adf626e6656dfb2f0cee8f465ece7b6defb40f2f"
      url: "https://pub.dev"
    source: hosted
    version: "2.4.1"
  shared_preferences_platform_interface:
    dependency: transitive
    description:
      name: shared_preferences_platform_interface
      sha256: "649dc798a33931919ea356c4305c2d1f81619ea6e92244070b520187b5140ef9"
      url: "https://pub.dev"
    source: hosted
    version: "2.4.2"
  shared_preferences_web:
    dependency: transitive
    description:
      name: shared_preferences_web
      sha256: c49bd060261c9a3f0ff445892695d6212ff603ef3115edbb448509d407600019
      url: "https://pub.dev"
    source: hosted
    version: "2.4.3"
  shared_preferences_windows:
    dependency: transitive
    description:
      name: shared_preferences_windows
      sha256: "94ef0f72b2d71bc3e700e025db3710911bd51a71cefb65cc609dd0d9a982e3c1"
      url: "https://pub.dev"
    source: hosted
    version: "2.4.1"
  shelf:
    dependency: transitive
    description:
      name: shelf
      sha256: e7dd780a7ffb623c57850b33f43309312fc863fb6aa3d276a754bb299839ef12
      url: "https://pub.dev"
    source: hosted
    version: "1.4.2"
  shelf_packages_handler:
    dependency: transitive
    description:
      name: shelf_packages_handler
      sha256: "89f967eca29607c933ba9571d838be31d67f53f6e4ee15147d5dc2934fee1b1e"
      url: "https://pub.dev"
    source: hosted
    version: "3.0.2"
  shelf_static:
    dependency: transitive
    description:
      name: shelf_static
      sha256: c87c3875f91262785dade62d135760c2c69cb217ac759485334c5857ad89f6e3
      url: "https://pub.dev"
    source: hosted
    version: "1.1.3"
  shelf_web_socket:
    dependency: transitive
    description:
      name: shelf_web_socket
      sha256: "3632775c8e90d6c9712f883e633716432a27758216dfb61bd86a8321c0580925"
      url: "https://pub.dev"
    source: hosted
    version: "3.0.0"
  sky_engine:
    dependency: transitive
    description: flutter
    source: sdk
    version: "0.0.0"
  source_map_stack_trace:
    dependency: transitive
    description:
      name: source_map_stack_trace
      sha256: c0713a43e323c3302c2abe2a1cc89aa057a387101ebd280371d6a6c9fa68516b
      url: "https://pub.dev"
    source: hosted
    version: "2.1.2"
  source_maps:
    dependency: transitive
    description:
      name: source_maps
      sha256: "14c2945847669b44089bb1222f66873d7ff7103c58911917f2a63c5a62327898"
      url: "https://pub.dev"
    source: hosted
    version: "0.10.14"
  source_span:
    dependency: transitive
    description:
      name: source_span
      sha256: "56a02f1f4cd1a2d96303c0144c93bd6d909eea6bee6bf5a0e0b685edbd4c47ab"
      url: "https://pub.dev"
    source: hosted
    version: "1.10.2"
  sqflite:
    dependency: "direct main"
    description:
      name: sqflite
      sha256: "7419d02d128023f38586481c81e14e5692167f75b7f411a914b1eb50d28c010e"
      url: "https://pub.dev"
    source: hosted
    version: "2.4.4+1"
  sqflite_android:
    dependency: transitive
    description:
      name: sqflite_android
      sha256: "805b27c6fa10d8883253795e644818fbd5c87ce665459db84fbe71326cbb5421"
      url: "https://pub.dev"
    source: hosted
    version: "2.4.4"
  sqflite_common:
    dependency: transitive
    description:
      name: sqflite_common
      sha256: da542ae39840132566b8652d6bfab108a972099a8e4377b3bcd98ae1595e6629
      url: "https://pub.dev"
    source: hosted
    version: "2.5.13+1"
  sqflite_common_ffi:
    dependency: "direct main"
    description:
      name: sqflite_common_ffi
      sha256: "4ec920a01788641fa1c9922e757c108427e7f8634cce3ce8a1073d573060f4a3"
      url: "https://pub.dev"
    source: hosted
    version: "2.4.3"
  sqflite_darwin:
    dependency: transitive
    description:
      name: sqflite_darwin
      sha256: dbdda396f975f74d611ffd3e6fb280ee3ee4cd2319b89278533f427e0140cf0b
      url: "https://pub.dev"
    source: hosted
    version: "2.4.4"
  sqflite_platform_interface:
    dependency: transitive
    description:
      name: sqflite_platform_interface
      sha256: c9177b2f3150ed0647b90a94307c28452fe0a5401863044216aed83addd6c7c5
      url: "https://pub.dev"
    source: hosted
    version: "2.4.2"
  sqlite3:
    dependency: transitive
    description:
      name: sqlite3
      sha256: cc62d72dbf16bb1f6ae8954b238016de1473e53df060ed0c332eed0a41dd1848
      url: "https://pub.dev"
    source: hosted
    version: "3.7.0"
  stack_trace:
    dependency: transitive
    description:
      name: stack_trace
      sha256: "277654b3034d17ac6f9f1cb5595db011b1d5d41e8806866db28e0abaa101c490"
      url: "https://pub.dev"
    source: hosted
    version: "1.12.2"
  stream_channel:
    dependency: transitive
    description:
      name: stream_channel
      sha256: "969e04c80b8bcdf826f8f16579c7b14d780458bd97f56d107d3950fdbeef059d"
      url: "https://pub.dev"
    source: hosted
    version: "2.1.4"
  string_scanner:
    dependency: transitive
    description:
      name: string_scanner
      sha256: "921cd31725b72fe181906c6a94d987c78e3b98c2e205b397ea399d4054872b43"
      url: "https://pub.dev"
    source: hosted
    version: "1.4.1"
  synchronized:
    dependency: transitive
    description:
      name: synchronized
      sha256: "397b146f97613b83d84bdccb439bc8d0f3aebb6c1d14a9641e6f24201c490b2d"
      url: "https://pub.dev"
    source: hosted
    version: "3.4.2"
  term_glyph:
    dependency: transitive
    description:
      name: term_glyph
      sha256: "7f554798625ea768a7518313e58f83891c7f5024f88e46e7182a4558850a4b8e"
      url: "https://pub.dev"
    source: hosted
    version: "1.2.2"
  test:
    dependency: "direct dev"
    description:
      name: test
      sha256: ca578dc12bb8b2f40b67b7d3bd2fac4f31c01a6ff7130a14e2597b919934507f
      url: "https://pub.dev"
    source: hosted
    version: "1.31.1"
  test_api:
    dependency: transitive
    description:
      name: test_api
      sha256: "2a122cbe059f8b610d3a5415f42e255b6c17b1f21eee1d960f31080237fb4f11"
      url: "https://pub.dev"
    source: hosted
    version: "0.7.12"
  test_core:
    dependency: transitive
    description:
      name: test_core
      sha256: d2e98ec12998368dc59ddd47ab709f2cd55acd6b66dc7db764455a44082f4bc5
      url: "https://pub.dev"
    source: hosted
    version: "0.6.18"
  typed_data:
    dependency: transitive
    description:
      name: typed_data
      sha256: f9049c039ebfeb4cf7a7104a675823cd72dba8297f264b6637062516699fa006
      url: "https://pub.dev"
    source: hosted
    version: "1.4.0"
  vector_graphics_codec:
    dependency: transitive
    description:
      name: vector_graphics_codec
      sha256: "99fd9fbd34d9f9a32efd7b6a6aae14125d8237b10403b422a6a6dfeac2806146"
      url: "https://pub.dev"
    source: hosted
    version: "1.1.13"
  vector_graphics_compiler:
    dependency: transitive
    description:
      name: vector_graphics_compiler
      sha256: "4dca4feb77dc3ec7f6e27e49c53241eb8217f55e4f9b12599a27f8903bca5682"
      url: "https://pub.dev"
    source: hosted
    version: "1.3.0"
  vector_math:
    dependency: transitive
    description:
      name: vector_math
      sha256: "92b9910f66ed1057fd4da7b040ae7c74cafacf885bdc81be496928d5049b032d"
      url: "https://pub.dev"
    source: hosted
    version: "2.4.3"
  vm_service:
    dependency: transitive
    description:
      name: vm_service
      sha256: "5f37239c4851efcef929cea7824e76df7f2f0970aef85d66bbc430afa40e72f0"
      url: "https://pub.dev"
    source: hosted
    version: "15.3.0"
  watcher:
    dependency: transitive
    description:
      name: watcher
      sha256: "1398c9f081a753f9226febe8900fce8f7d0a67163334e1c94a2438339d79d635"
      url: "https://pub.dev"
    source: hosted
    version: "1.2.1"
  web:
    dependency: transitive
    description:
      name: web
      sha256: "868d88a33d8a87b18ffc05f9f030ba328ffefba92d6c127917a2ba740f9cfe4a"
      url: "https://pub.dev"
    source: hosted
    version: "1.1.1"
  web_socket:
    dependency: transitive
    description:
      name: web_socket
      sha256: "34d64019aa8e36bf9842ac014bb5d2f5586ca73df5e4d9bf5c936975cae6982c"
      url: "https://pub.dev"
    source: hosted
    version: "1.0.1"
  web_socket_channel:
    dependency: transitive
    description:
      name: web_socket_channel
      sha256: d645757fb0f4773d602444000a8131ff5d48c9e47adfe9772652dd1a4f2d45c8
      url: "https://pub.dev"
    source: hosted
    version: "3.0.3"
  webkit_inspection_protocol:
    dependency: transitive
    description:
      name: webkit_inspection_protocol
      sha256: "87d3f2333bb240704cd3f1c6b5b7acd8a10e7f0bc28c28dcf14e782014f4a572"
      url: "https://pub.dev"
    source: hosted
    version: "1.2.1"
  win32:
    dependency: transitive
    description:
      name: win32
      sha256: a0b93865d5644f11cf6a8c3f6db909f1ec168958b5805f6cc684adea957cd63d
      url: "https://pub.dev"
    source: hosted
    version: "6.4.0"
  windows_file_picker:
    dependency: transitive
    description:
      name: windows_file_picker
      sha256: "18452aa293de3b6961c6d05b0e71b4be7bb90c67635abdd3aa5c4e75dd875072"
      url: "https://pub.dev"
    source: hosted
    version: "2.0.1"
  xdg_directories:
    dependency: transitive
    description:
      name: xdg_directories
      sha256: "7a3f37b05d989967cdddcbb571f1ea834867ae2faa29725fd085180e0883aa15"
      url: "https://pub.dev"
    source: hosted
    version: "1.1.0"
  xml:
    dependency: transitive
    description:
      name: xml
      sha256: "971043b3a0d3da28727e40ed3e0b5d18b742fa5a68665cca88e74b7876d5e025"
      url: "https://pub.dev"
    source: hosted
    version: "6.6.1"
  yaml:
    dependency: transitive
    description:
      name: yaml
      sha256: f67cdd8e07d3c6329146aaef1ba043542b3134c12489f553ca9a7435d1068aea
      url: "https://pub.dev"
    source: hosted
    version: "3.1.4"
sdks:
  dart: ">=3.13.4 <4.0.0"
  flutter: ">=3.47.0"
